
Microsoft Visual Studio Solution File, Format Version 12.00
# Visual Studio Version 16
VisualStudioVersion = 16.0.31729.503
MinimumVisualStudioVersion = 10.0.40219.1
Project("{FAE04EC0-301F-11D3-BF4B-00C04F79EFBC}") = "Zaměstnanec", "Zaměstnanec\Zaměstnanec.csproj", "{FD435EBB-52AA-451C-9CC9-02C39B6DBC60}"
EndProject
Global
	GlobalSection(SolutionConfigurationPlatforms) = preSolution
		Debug|Any CPU = Debug|Any CPU
		Release|Any CPU = Release|Any CPU
	EndGlobalSection
	GlobalSection(ProjectConfigurationPlatforms) = postSolution
		{FD435EBB-52AA-451C-9CC9-02C39B6DBC60}.Debug|Any CPU.ActiveCfg = Debug|Any CPU
		{FD435EBB-52AA-451C-9CC9-02C39B6DBC60}.Debug|Any CPU.Build.0 = Debug|Any CPU
		{FD435EBB-52AA-451C-9CC9-02C39B6DBC60}.Release|Any CPU.ActiveCfg = Release|Any CPU
		{FD435EBB-52AA-451C-9CC9-02C39B6DBC60}.Release|Any CPU.Build.0 = Release|Any CPU
	EndGlobalSection
	GlobalSection(SolutionProperties) = preSolution
		HideSolutionNode = FALSE
	EndGlobalSection
	GlobalSection(ExtensibilityGlobals) = postSolution
		SolutionGuid = {7B903D73-7BC7-429E-90E0-5E90C320A4CA}
	EndGlobalSection
EndGlobal
